<?xml version="1.0" encoding="utf-8"?>
<Project ToolsVersion="4.0" xmlns="http://schemas.microsoft.com/developer/msbuild/2003">
  <ItemGroup>
    <Filter Include="Engine">
      <UniqueIdentifier>{64a73bf9-a5a2-4772-8128-7c9b3d50feeb}</UniqueIdentifier>
      <Extensions>cpp;c;cxx;rc;def;r;odl;idl;hpj;bat</Extensions>
    </Filter>
    <Filter Include="Engine\world">
      <UniqueIdentifier>{45c65ea5-7f07-4a58-9fab-d38e5c8b018e}</UniqueIdentifier>
    </Filter>
    <Filter Include="Engine\cs">
      <UniqueIdentifier>{4c0ae2de-757e-4f3e-9a2f-fb408c065dc4}</UniqueIdentifier>
    </Filter>
    <Filter Include="Engine\render">
      <UniqueIdentifier>{aa3a9c98-7c85-4f74-8ffc-31e40a084e53}</UniqueIdentifier>
    </Filter>
    <Filter Include="Engine\system">
      <UniqueIdentifier>{fa76fc05-a9cf-4425-b8c6-15b792180f59}</UniqueIdentifier>
    </Filter>
    <Filter Include="Common">
      <UniqueIdentifier>{7b218dbf-804b-4c4b-8a81-7a35373e7733}</UniqueIdentifier>
      <Extensions>h;hpp;hxx;hm;inl</Extensions>
    </Filter>
    <Filter Include="Common\text">
      <UniqueIdentifier>{745bbaef-2495-403c-bf5f-080696662f6e}</UniqueIdentifier>
      <Extensions>ico;cur;bmp;dlg;rc2;rct;bin;rgs;gif;jpg;jpeg;jpe</Extensions>
    </Filter>
    <Filter Include="Common\text\docs">
      <UniqueIdentifier>{ef98a796-a8f1-4553-b091-464a634ba681}</UniqueIdentifier>
    </Filter>
    <Filter Include="Common\text\cfg">
      <UniqueIdentifier>{0973035e-4b07-4b63-9894-67bcf55b4e97}</UniqueIdentifier>
    </Filter>
    <Filter Include="FPS">
      <UniqueIdentifier>{38df31e0-3b54-4edb-89d4-bef56104ef0e}</UniqueIdentifier>
    </Filter>
  </ItemGroup>
  <ItemGroup>
    <ClInclude Include="..\engine\engine.h">
      <Filter>Engine</Filter>
    </ClInclude>
    <ClInclude Include="..\engine\lightmap.h">
      <Filter>Engine\world</Filter>
    </ClInclude>
    <ClInclude Include="..\engine\mpr.h">
      <Filter>Engine\world</Filter>
    </ClInclude>
    <ClInclude Include="..\engine\octa.h">
      <Filter>Engine\world</Filter>
    </ClInclude>
    <ClInclude Include="..\engine\world.h">
      <Filter>Engine\world</Filter>
    </ClInclude>
    <ClInclude Include="..\engine\animmodel.h">
      <Filter>Engine\render</Filter>
    </ClInclude>
    <ClInclude Include="..\engine\bih.h">
      <Filter>Engine\render</Filter>
    </ClInclude>
    <ClInclude Include="..\engine\depthfx.h">
      <Filter>Engine\render</Filter>
    </ClInclude>
    <ClInclude Include="..\engine\explosion.h">
      <Filter>Engine\render</Filter>
    </ClInclude>
    <ClInclude Include="..\engine\iqm.h">
      <Filter>Engine\render</Filter>
    </ClInclude>
    <ClInclude Include="..\engine\lensflare.h">
      <Filter>Engine\render</Filter>
    </ClInclude>
    <ClInclude Include="..\engine\lightning.h">
      <Filter>Engine\render</Filter>
    </ClInclude>
    <ClInclude Include="..\engine\md2.h">
      <Filter>Engine\render</Filter>
    </ClInclude>
    <ClInclude Include="..\engine\md3.h">
      <Filter>Engine\render</Filter>
    </ClInclude>
    <ClInclude Include="..\engine\md5.h">
      <Filter>Engine\render</Filter>
    </ClInclude>
    <ClInclude Include="..\engine\model.h">
      <Filter>Engine\render</Filter>
    </ClInclude>
    <ClInclude Include="..\engine\obj.h">
      <Filter>Engine\render</Filter>
    </ClInclude>
    <ClInclude Include="..\engine\ragdoll.h">
      <Filter>Engine\render</Filter>
    </ClInclude>
    <ClInclude Include="..\engine\rendertarget.h">
      <Filter>Engine\render</Filter>
    </ClInclude>
    <ClInclude Include="..\engine\scale.h">
      <Filter>Engine\render</Filter>
    </ClInclude>
    <ClInclude Include="..\engine\skelmodel.h">
      <Filter>Engine\render</Filter>
    </ClInclude>
    <ClInclude Include="..\engine\smd.h">
      <Filter>Engine\render</Filter>
    </ClInclude>
    <ClInclude Include="..\engine\textedit.h">
      <Filter>Engine\render</Filter>
    </ClInclude>
    <ClInclude Include="..\engine\texture.h">
      <Filter>Engine\render</Filter>
    </ClInclude>
    <ClInclude Include="..\engine\varray.h">
      <Filter>Engine\render</Filter>
    </ClInclude>
    <ClInclude Include="..\engine\vertmodel.h">
      <Filter>Engine\render</Filter>
    </ClInclude>
    <ClInclude Include="..\shared\command.h">
      <Filter>Common</Filter>
    </ClInclude>
    <ClInclude Include="..\shared\cube.h">
      <Filter>Common</Filter>
    </ClInclude>
    <ClInclude Include="..\shared\ents.h">
      <Filter>Common</Filter>
    </ClInclude>
    <ClInclude Include="..\shared\geom.h">
      <Filter>Common</Filter>
    </ClInclude>
    <ClInclude Include="..\shared\iengine.h">
      <Filter>Common</Filter>
    </ClInclude>
    <ClInclude Include="..\shared\igame.h">
      <Filter>Common</Filter>
    </ClInclude>
    <ClInclude Include="resource.h">
      <Filter>Common</Filter>
    </ClInclude>
    <ClInclude Include="..\shared\tools.h">
      <Filter>Common</Filter>
    </ClInclude>
    <ClInclude Include="..\fpsgame\ai.h">
      <Filter>FPS</Filter>
    </ClInclude>
    <ClInclude Include="..\fpsgame\aiman.h">
      <Filter>FPS</Filter>
    </ClInclude>
    <ClInclude Include="..\fpsgame\capture.h">
      <Filter>FPS</Filter>
    </ClInclude>
    <ClInclude Include="..\fpsgame\ctf.h">
      <Filter>FPS</Filter>
    </ClInclude>
    <ClInclude Include="..\fpsgame\extinfo.h">
      <Filter>FPS</Filter>
    </ClInclude>
    <ClInclude Include="..\fpsgame\game.h">
      <Filter>FPS</Filter>
    </ClInclude>
    <ClInclude Include="..\fpsgame\infection.h">
      <Filter>FPS</Filter>
    </ClInclude>
    <ClInclude Include="..\fpsgame\weapons.h">
      <Filter>FPS</Filter>
    </ClInclude>
    <ClInclude Include="..\fpsgame\campaign.h">
      <Filter>FPS</Filter>
    </ClInclude>
    <ClInclude Include="..\fpsgame\survival.h">
      <Filter>FPS</Filter>
    </ClInclude>
    <ClInclude Include="..\shared\version.h">
      <Filter>Common</Filter>
    </ClInclude>
    <ClInclude Include="..\engine\joystick.h">
      <Filter>Engine\system</Filter>
    </ClInclude>
  </ItemGroup>
  <ItemGroup>
    <ClCompile Include="..\engine\pch.cpp">
      <Filter>Engine</Filter>
    </ClCompile>
    <ClCompile Include="SDL_win32_main.c">
      <Filter>Engine</Filter>
    </ClCompile>
    <ClCompile Include="..\engine\blend.cpp">
      <Filter>Engine\world</Filter>
    </ClCompile>
    <ClCompile Include="..\engine\cubeloader.cpp">
      <Filter>Engine\world</Filter>
    </ClCompile>
    <ClCompile Include="..\engine\lightmap.cpp">
      <Filter>Engine\world</Filter>
    </ClCompile>
    <ClCompile Include="..\engine\normal.cpp">
      <Filter>Engine\world</Filter>
    </ClCompile>
    <ClCompile Include="..\engine\octa.cpp">
      <Filter>Engine\world</Filter>
    </ClCompile>
    <ClCompile Include="..\engine\octaedit.cpp">
      <Filter>Engine\world</Filter>
    </ClCompile>
    <ClCompile Include="..\engine\octarender.cpp">
      <Filter>Engine\world</Filter>
    </ClCompile>
    <ClCompile Include="..\engine\physics.cpp">
      <Filter>Engine\world</Filter>
    </ClCompile>
    <ClCompile Include="..\engine\pvs.cpp">
      <Filter>Engine\world</Filter>
    </ClCompile>
    <ClCompile Include="..\engine\world.cpp">
      <Filter>Engine\world</Filter>
    </ClCompile>
    <ClCompile Include="..\engine\worldio.cpp">
      <Filter>Engine\world</Filter>
    </ClCompile>
    <ClCompile Include="..\engine\client.cpp">
      <Filter>Engine\cs</Filter>
    </ClCompile>
    <ClCompile Include="..\engine\server.cpp">
      <Filter>Engine\cs</Filter>
    </ClCompile>
    <ClCompile Include="..\engine\serverbrowser.cpp">
      <Filter>Engine\cs</Filter>
    </ClCompile>
    <ClCompile Include="..\engine\3dgui.cpp">
      <Filter>Engine\render</Filter>
    </ClCompile>
    <ClCompile Include="..\engine\bih.cpp">
      <Filter>Engine\render</Filter>
    </ClCompile>
    <ClCompile Include="..\engine\blob.cpp">
      <Filter>Engine\render</Filter>
    </ClCompile>
    <ClCompile Include="..\engine\decal.cpp">
      <Filter>Engine\render</Filter>
    </ClCompile>
    <ClCompile Include="..\engine\dynlight.cpp">
      <Filter>Engine\render</Filter>
    </ClCompile>
    <ClCompile Include="..\engine\glare.cpp">
      <Filter>Engine\render</Filter>
    </ClCompile>
    <ClCompile Include="..\engine\grass.cpp">
      <Filter>Engine\render</Filter>
    </ClCompile>
    <ClCompile Include="..\engine\material.cpp">
      <Filter>Engine\render</Filter>
    </ClCompile>
    <ClCompile Include="..\engine\rendergl.cpp">
      <Filter>Engine\render</Filter>
    </ClCompile>
    <ClCompile Include="..\engine\rendermodel.cpp">
      <Filter>Engine\render</Filter>
    </ClCompile>
    <ClCompile Include="..\engine\renderparticles.cpp">
      <Filter>Engine\render</Filter>
    </ClCompile>
    <ClCompile Include="..\engine\rendersky.cpp">
      <Filter>Engine\render</Filter>
    </ClCompile>
    <ClCompile Include="..\engine\rendertext.cpp">
      <Filter>Engine\render</Filter>
    </ClCompile>
    <ClCompile Include="..\engine\renderva.cpp">
      <Filter>Engine\render</Filter>
    </ClCompile>
    <ClCompile Include="..\engine\shader.cpp">
      <Filter>Engine\render</Filter>
    </ClCompile>
    <ClCompile Include="..\engine\shadowmap.cpp">
      <Filter>Engine\render</Filter>
    </ClCompile>
    <ClCompile Include="..\engine\texture.cpp">
      <Filter>Engine\render</Filter>
    </ClCompile>
    <ClCompile Include="..\engine\water.cpp">
      <Filter>Engine\render</Filter>
    </ClCompile>
    <ClCompile Include="..\engine\command.cpp">
      <Filter>Engine\system</Filter>
    </ClCompile>
    <ClCompile Include="..\engine\console.cpp">
      <Filter>Engine\system</Filter>
    </ClCompile>
    <ClCompile Include="..\engine\main.cpp">
      <Filter>Engine\system</Filter>
    </ClCompile>
    <ClCompile Include="..\engine\menus.cpp">
      <Filter>Engine\system</Filter>
    </ClCompile>
    <ClCompile Include="..\engine\movie.cpp">
      <Filter>Engine\system</Filter>
    </ClCompile>
    <ClCompile Include="..\engine\sound.cpp">
      <Filter>Engine\system</Filter>
    </ClCompile>
    <ClCompile Include="..\shared\crypto.cpp">
      <Filter>Common</Filter>
    </ClCompile>
    <ClCompile Include="..\shared\geom.cpp">
      <Filter>Common</Filter>
    </ClCompile>
    <ClCompile Include="..\shared\pch.cpp">
      <Filter>Common</Filter>
    </ClCompile>
    <ClCompile Include="..\shared\stream.cpp">
      <Filter>Common</Filter>
    </ClCompile>
    <ClCompile Include="..\shared\tools.cpp">
      <Filter>Common</Filter>
    </ClCompile>
    <ClCompile Include="..\shared\zip.cpp">
      <Filter>Common</Filter>
    </ClCompile>
    <ClCompile Include="..\fpsgame\ai.cpp">
      <Filter>FPS</Filter>
    </ClCompile>
    <ClCompile Include="..\fpsgame\client.cpp">
      <Filter>FPS</Filter>
    </ClCompile>
    <ClCompile Include="..\fpsgame\entities.cpp">
      <Filter>FPS</Filter>
    </ClCompile>
    <ClCompile Include="..\fpsgame\fps.cpp">
      <Filter>FPS</Filter>
    </ClCompile>
    <ClCompile Include="..\fpsgame\monster.cpp">
      <Filter>FPS</Filter>
    </ClCompile>
    <ClCompile Include="..\fpsgame\movable.cpp">
      <Filter>FPS</Filter>
    </ClCompile>
    <ClCompile Include="..\fpsgame\pch.cpp">
      <Filter>FPS</Filter>
    </ClCompile>
    <ClCompile Include="..\fpsgame\render.cpp">
      <Filter>FPS</Filter>
    </ClCompile>
    <ClCompile Include="..\fpsgame\server.cpp">
      <Filter>FPS</Filter>
    </ClCompile>
    <ClCompile Include="..\fpsgame\waypoint.cpp">
      <Filter>FPS</Filter>
    </ClCompile>
    <ClCompile Include="..\fpsgame\weapon.cpp">
      <Filter>FPS</Filter>
    </ClCompile>
    <ClCompile Include="..\fpsgame\campaign.cpp">
      <Filter>FPS</Filter>
    </ClCompile>
    <ClCompile Include="..\fpsgame\scoreboard.cpp">
      <Filter>FPS</Filter>
    </ClCompile>
    <ClCompile Include="..\engine\irc.cpp">
      <Filter>Engine\cs</Filter>
    </ClCompile>
  </ItemGroup>
  <ItemGroup>
    <None Include="..\OCTA_TODO.txt">
      <Filter>Common\text</Filter>
    </None>
    <None Include="..\..\docs\config.html">
      <Filter>Common\text\docs</Filter>
    </None>
    <None Include="..\..\docs\editing.html">
      <Filter>Common\text\docs</Filter>
    </None>
    <None Include="..\..\docs\editref.html">
      <Filter>Common\text\docs</Filter>
    </None>
    <None Include="..\..\docs\game.html">
      <Filter>Common\text\docs</Filter>
    </None>
    <None Include="..\..\docs\history.html">
      <Filter>Common\text\docs</Filter>
    </None>
    <None Include="..\..\README.html">
      <Filter>Common\text\docs</Filter>
    </None>
    <None Include="..\..\data\brush.cfg">
      <Filter>Common\text\cfg</Filter>
    </None>
    <None Include="..\..\data\default_map_models.cfg">
      <Filter>Common\text\cfg</Filter>
    </None>
    <None Include="..\..\data\default_map_settings.cfg">
      <Filter>Common\text\cfg</Filter>
    </None>
    <None Include="..\..\data\defaults.cfg">
      <Filter>Common\text\cfg</Filter>
    </None>
    <None Include="..\..\data\game_fps.cfg">
      <Filter>Common\text\cfg</Filter>
    </None>
    <None Include="..\..\data\keymap.cfg">
      <Filter>Common\text\cfg</Filter>
    </None>
    <None Include="..\..\data\menus.cfg">
      <Filter>Common\text\cfg</Filter>
    </None>
    <None Include="..\..\data\sounds.cfg">
      <Filter>Common\text\cfg</Filter>
    </None>
    <None Include="..\..\data\stdlib.cfg">
      <Filter>Common\text\cfg</Filter>
    </None>
    <None Include="..\..\data\stdshader.cfg">
      <Filter>Common\text\cfg</Filter>
    </None>
    <None Include="rr_icon.ico">
      <Filter>Common\text</Filter>
    </None>
  </ItemGroup>
  <ItemGroup>
    <ResourceCompile Include="rr.rc">
      <Filter>Engine</Filter>
    </ResourceCompile>
  </ItemGroup>
</Project>