
Microsoft Visual Studio Solution File, Format Version 11.00
# Visual Studio 2010
Project("{8BC9CEB8-8B4A-11D0-8D11-00A0C91BC942}") = "sauerbraten", "cube.vcxproj", "{06594C6D-6DA9-49DC-9A91-8F47221DDCFD}"
EndProject
Project("{8BC9CEB8-8B4A-11D0-8D11-00A0C91BC942}") = "master", "master.vcxproj", "{0D684473-D6C5-40E9-8CF3-29EFCC7ABDFA}"
EndProject
Project("{8BC9CEB8-8B4A-11D0-8D11-00A0C91BC942}") = "XRRS", "XRRS.vcxproj", "{C414FBE3-53CC-44D4-A98C-6AA8418BB93C}"
EndProject
Project("{8BC9CEB8-8B4A-11D0-8D11-00A0C91BC942}") = "updater", "updater.vcxproj", "{55DBEB77-B3CD-4DA6-B2F0-2935C29B8B30}"
EndProject
Global
	GlobalSection(SolutionConfigurationPlatforms) = preSolution
		Debug|Win32 = Debug|Win32
		Release|Win32 = Release|Win32
	EndGlobalSection
	GlobalSection(ProjectConfigurationPlatforms) = postSolution
		{06594C6D-6DA9-49DC-9A91-8F47221DDCFD}.Debug|Win32.ActiveCfg = Debug|Win32
		{06594C6D-6DA9-49DC-9A91-8F47221DDCFD}.Debug|Win32.Build.0 = Debug|Win32
		{06594C6D-6DA9-49DC-9A91-8F47221DDCFD}.Release|Win32.ActiveCfg = Release|Win32
		{06594C6D-6DA9-49DC-9A91-8F47221DDCFD}.Release|Win32.Build.0 = Release|Win32
		{0D684473-D6C5-40E9-8CF3-29EFCC7ABDFA}.Debug|Win32.ActiveCfg = Debug|Win32
		{0D684473-D6C5-40E9-8CF3-29EFCC7ABDFA}.Debug|Win32.Build.0 = Debug|Win32
		{0D684473-D6C5-40E9-8CF3-29EFCC7ABDFA}.Release|Win32.ActiveCfg = Release|Win32
		{0D684473-D6C5-40E9-8CF3-29EFCC7ABDFA}.Release|Win32.Build.0 = Release|Win32
		{C414FBE3-53CC-44D4-A98C-6AA8418BB93C}.Debug|Win32.ActiveCfg = Debug|Win32
		{C414FBE3-53CC-44D4-A98C-6AA8418BB93C}.Debug|Win32.Build.0 = Debug|Win32
		{C414FBE3-53CC-44D4-A98C-6AA8418BB93C}.Release|Win32.ActiveCfg = Release|Win32
		{C414FBE3-53CC-44D4-A98C-6AA8418BB93C}.Release|Win32.Build.0 = Release|Win32
		{55DBEB77-B3CD-4DA6-B2F0-2935C29B8B30}.Debug|Win32.ActiveCfg = Debug|Win32
		{55DBEB77-B3CD-4DA6-B2F0-2935C29B8B30}.Debug|Win32.Build.0 = Debug|Win32
		{55DBEB77-B3CD-4DA6-B2F0-2935C29B8B30}.Release|Win32.ActiveCfg = Release|Win32
		{55DBEB77-B3CD-4DA6-B2F0-2935C29B8B30}.Release|Win32.Build.0 = Release|Win32
	EndGlobalSection
	GlobalSection(SolutionProperties) = preSolution
		HideSolutionNode = FALSE
	EndGlobalSection
EndGlobal
