<?xml version="1.0" encoding="utf-8"?>
<Project ToolsVersion="4.0" xmlns="http://schemas.microsoft.com/developer/msbuild/2003">
  <ItemGroup>
    <Filter Include="Common">
      <UniqueIdentifier>{d74a8c1f-f85f-4ce6-a2bc-4f09b938b69f}</UniqueIdentifier>
    </Filter>
    <Filter Include="Updater">
      <UniqueIdentifier>{2a7eebc0-b642-4e52-8559-138a2df5af3f}</UniqueIdentifier>
    </Filter>
  </ItemGroup>
  <ItemGroup>
    <ClCompile Include="..\shared\crypto.cpp">
      <Filter>Common</Filter>
    </ClCompile>
    <ClCompile Include="..\shared\geom.cpp">
      <Filter>Common</Filter>
    </ClCompile>
    <ClCompile Include="..\shared\pch.cpp">
      <Filter>Common</Filter>
    </ClCompile>
    <ClCompile Include="..\shared\stream.cpp">
      <Filter>Common</Filter>
    </ClCompile>
    <ClCompile Include="..\shared\tools.cpp">
      <Filter>Common</Filter>
    </ClCompile>
    <ClCompile Include="..\shared\zip.cpp">
      <Filter>Common</Filter>
    </ClCompile>
    <ClCompile Include="..\updater\main.cpp">
      <Filter>Updater</Filter>
    </ClCompile>
  </ItemGroup>
  <ItemGroup>
    <ClInclude Include="..\shared\command.h">
      <Filter>Common</Filter>
    </ClInclude>
    <ClInclude Include="..\shared\cube.h">
      <Filter>Common</Filter>
    </ClInclude>
    <ClInclude Include="..\shared\ents.h">
      <Filter>Common</Filter>
    </ClInclude>
    <ClInclude Include="..\shared\geom.h">
      <Filter>Common</Filter>
    </ClInclude>
    <ClInclude Include="..\shared\iengine.h">
      <Filter>Common</Filter>
    </ClInclude>
    <ClInclude Include="..\shared\igame.h">
      <Filter>Common</Filter>
    </ClInclude>
    <ClInclude Include="..\shared\tools.h">
      <Filter>Common</Filter>
    </ClInclude>
    <ClInclude Include="..\shared\version.h">
      <Filter>Common</Filter>
    </ClInclude>
  </ItemGroup>
  <ItemGroup>
    <ResourceCompile Include="..\vcpp\rr.rc">
      <Filter>Updater</Filter>
    </ResourceCompile>
  </ItemGroup>
</Project>